
Microsoft Visual Studio Solution File, Format Version 12.00
# Visual Studio 2013
VisualStudioVersion = 12.0.31101.0
MinimumVisualStudioVersion = 10.0.40219.1
Project("{D954291E-2A0B-460D-934E-DC6B0785DB48}") = "M2Mqtt.Shared", "M2Mqtt\M2Mqtt.Shared.shproj", "{68A244A9-2EC9-4F7E-A007-1E7EC59A3F60}"
EndProject
Project("{D954291E-2A0B-460D-934E-DC6B0785DB48}") = "Mqtt.Net.WebSockets.Shared", "M2Mqtt.Net.WebSockets\Mqtt.Net.WebSockets.Shared.shproj", "{BA99A3C9-E87F-4CE7-AF5F-EBB4DF1CEB25}"
EndProject
Project("{FAE04EC0-301F-11D3-BF4B-00C04F79EFBC}") = "WebSocket4Net.Net45", "WebSocket4Net\WebSocket4Net\WebSocket4Net.Net45.csproj", "{6920447F-76B1-4739-822E-9CE3A2882718}"
EndProject
Global
	GlobalSection(SolutionConfigurationPlatforms) = preSolution
		Debug|Any CPU = Debug|Any CPU
		Release|Any CPU = Release|Any CPU
	EndGlobalSection
	GlobalSection(ProjectConfigurationPlatforms) = postSolution
		{6920447F-76B1-4739-822E-9CE3A2882718}.Debug|Any CPU.ActiveCfg = Debug|Any CPU
		{6920447F-76B1-4739-822E-9CE3A2882718}.Debug|Any CPU.Build.0 = Debug|Any CPU
		{6920447F-76B1-4739-822E-9CE3A2882718}.Release|Any CPU.ActiveCfg = Release|Any CPU
		{6920447F-76B1-4739-822E-9CE3A2882718}.Release|Any CPU.Build.0 = Release|Any CPU
	EndGlobalSection
	GlobalSection(SolutionProperties) = preSolution
		HideSolutionNode = FALSE
	EndGlobalSection
EndGlobal
